// !$*UTF8*$!
{
	archiveVersion = 1;
	classes = {
	};
	objectVersion = 56;
	objects = {

/* Begin PBXBuildFile section */
		662222AF2B2B6A2A002D7338 /* ForgotPassViewController.swift in Sources */ = {isa = PBXBuildFile; fileRef = 662222AE2B2B6A2A002D7338 /* ForgotPassViewController.swift */; };
		662222B12B2B6A50002D7338 /* RegViewController.swift in Sources */ = {isa = PBXBuildFile; fileRef = 662222B02B2B6A50002D7338 /* RegViewController.swift */; };
		662222B42B2B6B5D002D7338 /* AuthHeaderView.swift in Sources */ = {isa = PBXBuildFile; fileRef = 662222B32B2B6B5D002D7338 /* AuthHeaderView.swift */; };
		662222B72B2B7245002D7338 /* LoginViewController.swift in Sources */ = {isa = PBXBuildFile; fileRef = 662222B62B2B7245002D7338 /* LoginViewController.swift */; };
		662222B92B2B7A5B002D7338 /* CustomTextField.swift in Sources */ = {isa = PBXBuildFile; fileRef = 662222B82B2B7A5B002D7338 /* CustomTextField.swift */; };
		662222BB2B2B813D002D7338 /* CustomButton.swift in Sources */ = {isa = PBXBuildFile; fileRef = 662222BA2B2B813D002D7338 /* CustomButton.swift */; };
		662222BF2B2C8AC2002D7338 /* AlertManager.swift in Sources */ = {isa = PBXBuildFile; fileRef = 662222BE2B2C8AC2002D7338 /* AlertManager.swift */; };
		662222C12B2D711D002D7338 /* GoogleService-Info.plist in Resources */ = {isa = PBXBuildFile; fileRef = 662222C02B2D711C002D7338 /* GoogleService-Info.plist */; };
		662222D02B2D794E002D7338 /* AuthService.swift in Sources */ = {isa = PBXBuildFile; fileRef = 662222CF2B2D794E002D7338 /* AuthService.swift */; };
		662222D52B2D8AD0002D7338 /* FirebaseAuth in Frameworks */ = {isa = PBXBuildFile; productRef = 662222D42B2D8AD0002D7338 /* FirebaseAuth */; };
		662222D72B2D8AD0002D7338 /* FirebaseDatabase in Frameworks */ = {isa = PBXBuildFile; productRef = 662222D62B2D8AD0002D7338 /* FirebaseDatabase */; };
		662222D92B2D8AD0002D7338 /* FirebaseDatabaseSwift in Frameworks */ = {isa = PBXBuildFile; productRef = 662222D82B2D8AD0002D7338 /* FirebaseDatabaseSwift */; };
		662222DB2B2D8AD0002D7338 /* FirebaseFirestore in Frameworks */ = {isa = PBXBuildFile; productRef = 662222DA2B2D8AD0002D7338 /* FirebaseFirestore */; };
		662222DD2B2D8AD0002D7338 /* FirebaseFirestoreSwift in Frameworks */ = {isa = PBXBuildFile; productRef = 662222DC2B2D8AD0002D7338 /* FirebaseFirestoreSwift */; };
		662222DF2B2D8AD0002D7338 /* FirebaseStorage in Frameworks */ = {isa = PBXBuildFile; productRef = 662222DE2B2D8AD0002D7338 /* FirebaseStorage */; };
		662222E22B2DD0DA002D7338 /* Validator.swift in Sources */ = {isa = PBXBuildFile; fileRef = 662222E12B2DD0DA002D7338 /* Validator.swift */; };
		662222E42B2DE331002D7338 /* client_614490934145-cauvpnhu72vmrgac6prh8m8otkrdq4tn.apps.googleusercontent.com.plist in Resources */ = {isa = PBXBuildFile; fileRef = 662222E32B2DE331002D7338 /* client_614490934145-cauvpnhu72vmrgac6prh8m8otkrdq4tn.apps.googleusercontent.com.plist */; };
		664C0E892B0F4E8800005EDC /* AppDelegate.swift in Sources */ = {isa = PBXBuildFile; fileRef = 664C0E882B0F4E8800005EDC /* AppDelegate.swift */; };
		664C0E8B2B0F4E8800005EDC /* SceneDelegate.swift in Sources */ = {isa = PBXBuildFile; fileRef = 664C0E8A2B0F4E8800005EDC /* SceneDelegate.swift */; };
		664C0E8D2B0F4E8800005EDC /* WebViewerController.swift in Sources */ = {isa = PBXBuildFile; fileRef = 664C0E8C2B0F4E8800005EDC /* WebViewerController.swift */; };
		664C0E952B0F4E8B00005EDC /* LaunchScreen.storyboard in Resources */ = {isa = PBXBuildFile; fileRef = 664C0E932B0F4E8B00005EDC /* LaunchScreen.storyboard */; };
		664C0E9D2B0F520700005EDC /* TabbarController.swift in Sources */ = {isa = PBXBuildFile; fileRef = 664C0E9C2B0F520700005EDC /* TabbarController.swift */; };
		664C0EA72B1048FB00005EDC /* SnapKit in Frameworks */ = {isa = PBXBuildFile; productRef = 664C0EA62B1048FB00005EDC /* SnapKit */; };
		6651E3382B1240710055E9AC /* HomeViewController.swift in Sources */ = {isa = PBXBuildFile; fileRef = 6651E3372B1240710055E9AC /* HomeViewController.swift */; };
		6651E33F2B14A2C90055E9AC /* ExploreViewController.swift in Sources */ = {isa = PBXBuildFile; fileRef = 6651E33E2B14A2C90055E9AC /* ExploreViewController.swift */; };
		6651E3412B14A2EF0055E9AC /* ConsultViewController.swift in Sources */ = {isa = PBXBuildFile; fileRef = 6651E3402B14A2EF0055E9AC /* ConsultViewController.swift */; };
		6651E3442B14A3130055E9AC /* ProfileViewController.swift in Sources */ = {isa = PBXBuildFile; fileRef = 6651E3432B14A3130055E9AC /* ProfileViewController.swift */; };
		6651E3472B1A3F0B0055E9AC /* Extensions.swift in Sources */ = {isa = PBXBuildFile; fileRef = 6651E3462B1A3F0B0055E9AC /* Extensions.swift */; };
		6690E40C2B308E4E00CF3E88 /* Models.swift in Sources */ = {isa = PBXBuildFile; fileRef = 6690E40B2B308E4E00CF3E88 /* Models.swift */; };
		66945F5A2B30E72A0033D8AF /* Assets.xcassets in Resources */ = {isa = PBXBuildFile; fileRef = 66945F592B30E72A0033D8AF /* Assets.xcassets */; };
		66ECD4722B30E99A0068421E /* SearchBarView.swift in Sources */ = {isa = PBXBuildFile; fileRef = 66ECD4712B30E99A0068421E /* SearchBarView.swift */; };
		66ECD4742B3158E60068421E /* JournalViewController.swift in Sources */ = {isa = PBXBuildFile; fileRef = 66ECD4732B3158E60068421E /* JournalViewController.swift */; };
		66ECD4762B3159600068421E /* BreatheViewController.swift in Sources */ = {isa = PBXBuildFile; fileRef = 66ECD4752B3159600068421E /* BreatheViewController.swift */; };
		66ECD4782B31596A0068421E /* MeditateViewController.swift in Sources */ = {isa = PBXBuildFile; fileRef = 66ECD4772B31596A0068421E /* MeditateViewController.swift */; };
		66ECD47A2B3159750068421E /* AffirmationsViewController.swift in Sources */ = {isa = PBXBuildFile; fileRef = 66ECD4792B3159750068421E /* AffirmationsViewController.swift */; };
		66ECD47C2B31629D0068421E /* CustomNavbar.swift in Sources */ = {isa = PBXBuildFile; fileRef = 66ECD47B2B31629D0068421E /* CustomNavbar.swift */; };
		66ECD47E2B3169020068421E /* TitleContainerView.swift in Sources */ = {isa = PBXBuildFile; fileRef = 66ECD47D2B3169020068421E /* TitleContainerView.swift */; };
		66ECD4802B319E780068421E /* JournalModels.swift in Sources */ = {isa = PBXBuildFile; fileRef = 66ECD47F2B319E780068421E /* JournalModels.swift */; };
		66ECD4832B31A5590068421E /* JournalCategoryView.swift in Sources */ = {isa = PBXBuildFile; fileRef = 66ECD4822B31A5590068421E /* JournalCategoryView.swift */; };
		66ECD4852B31BF460068421E /* JournalTemplatesViewController.swift in Sources */ = {isa = PBXBuildFile; fileRef = 66ECD4842B31BF460068421E /* JournalTemplatesViewController.swift */; };
		66ECD4872B31C87F0068421E /* MyJournalView.swift in Sources */ = {isa = PBXBuildFile; fileRef = 66ECD4862B31C87E0068421E /* MyJournalView.swift */; };
		66ECD4892B31F4C40068421E /* TemplateViewHeader.swift in Sources */ = {isa = PBXBuildFile; fileRef = 66ECD4882B31F4C40068421E /* TemplateViewHeader.swift */; };
		66ECD48B2B320C1B0068421E /* JournalTemplateViewCell.swift in Sources */ = {isa = PBXBuildFile; fileRef = 66ECD48A2B320C1B0068421E /* JournalTemplateViewCell.swift */; };
		66ECD48F2B32340C0068421E /* BottomSheetViewController.swift in Sources */ = {isa = PBXBuildFile; fileRef = 66ECD48E2B32340C0068421E /* BottomSheetViewController.swift */; };
		66ECD4912B3242B80068421E /* JournalEditorViewController.swift in Sources */ = {isa = PBXBuildFile; fileRef = 66ECD4902B3242B80068421E /* JournalEditorViewController.swift */; };
		66FCC7D42B30E80400B99DE5 /* ExploreTabView.swift in Sources */ = {isa = PBXBuildFile; fileRef = 66FCC7D32B30E80400B99DE5 /* ExploreTabView.swift */; };
/* End PBXBuildFile section */

/* Begin PBXFileReference section */
		662222AE2B2B6A2A002D7338 /* ForgotPassViewController.swift */ = {isa = PBXFileReference; lastKnownFileType = sourcecode.swift; name = ForgotPassViewController.swift; path = FinalProject/Auth/ForgotPassViewController.swift; sourceTree = SOURCE_ROOT; };
		662222B02B2B6A50002D7338 /* RegViewController.swift */ = {isa = PBXFileReference; lastKnownFileType = sourcecode.swift; path = RegViewController.swift; sourceTree = "<group>"; };
		662222B32B2B6B5D002D7338 /* AuthHeaderView.swift */ = {isa = PBXFileReference; lastKnownFileType = sourcecode.swift; path = AuthHeaderView.swift; sourceTree = "<group>"; };
		662222B62B2B7245002D7338 /* LoginViewController.swift */ = {isa = PBXFileReference; lastKnownFileType = sourcecode.swift; path = LoginViewController.swift; sourceTree = "<group>"; };
		662222B82B2B7A5B002D7338 /* CustomTextField.swift */ = {isa = PBXFileReference; lastKnownFileType = sourcecode.swift; path = CustomTextField.swift; sourceTree = "<group>"; };
		662222BA2B2B813D002D7338 /* CustomButton.swift */ = {isa = PBXFileReference; lastKnownFileType = sourcecode.swift; path = CustomButton.swift; sourceTree = "<group>"; };
		662222BE2B2C8AC2002D7338 /* AlertManager.swift */ = {isa = PBXFileReference; lastKnownFileType = sourcecode.swift; path = AlertManager.swift; sourceTree = "<group>"; };
		662222C02B2D711C002D7338 /* GoogleService-Info.plist */ = {isa = PBXFileReference; fileEncoding = 4; lastKnownFileType = text.plist.xml; path = "GoogleService-Info.plist"; sourceTree = "<group>"; };
		662222CF2B2D794E002D7338 /* AuthService.swift */ = {isa = PBXFileReference; lastKnownFileType = sourcecode.swift; path = AuthService.swift; sourceTree = "<group>"; };
		662222E12B2DD0DA002D7338 /* Validator.swift */ = {isa = PBXFileReference; lastKnownFileType = sourcecode.swift; path = Validator.swift; sourceTree = "<group>"; };
		662222E32B2DE331002D7338 /* client_614490934145-cauvpnhu72vmrgac6prh8m8otkrdq4tn.apps.googleusercontent.com.plist */ = {isa = PBXFileReference; fileEncoding = 4; lastKnownFileType = text.plist.xml; path = "client_614490934145-cauvpnhu72vmrgac6prh8m8otkrdq4tn.apps.googleusercontent.com.plist"; sourceTree = "<group>"; };
		664C0E852B0F4E8800005EDC /* FinalProject.app */ = {isa = PBXFileReference; explicitFileType = wrapper.application; includeInIndex = 0; path = FinalProject.app; sourceTree = BUILT_PRODUCTS_DIR; };
		664C0E882B0F4E8800005EDC /* AppDelegate.swift */ = {isa = PBXFileReference; lastKnownFileType = sourcecode.swift; path = AppDelegate.swift; sourceTree = "<group>"; };
		664C0E8A2B0F4E8800005EDC /* SceneDelegate.swift */ = {isa = PBXFileReference; lastKnownFileType = sourcecode.swift; path = SceneDelegate.swift; sourceTree = "<group>"; };
		664C0E8C2B0F4E8800005EDC /* WebViewerController.swift */ = {isa = PBXFileReference; lastKnownFileType = sourcecode.swift; path = WebViewerController.swift; sourceTree = "<group>"; };
		664C0E942B0F4E8B00005EDC /* Base */ = {isa = PBXFileReference; lastKnownFileType = file.storyboard; name = Base; path = Base.lproj/LaunchScreen.storyboard; sourceTree = "<group>"; };
		664C0E962B0F4E8B00005EDC /* Info.plist */ = {isa = PBXFileReference; lastKnownFileType = text.plist.xml; path = Info.plist; sourceTree = "<group>"; };
		664C0E9C2B0F520700005EDC /* TabbarController.swift */ = {isa = PBXFileReference; lastKnownFileType = sourcecode.swift; path = TabbarController.swift; sourceTree = "<group>"; };
		6651E3372B1240710055E9AC /* HomeViewController.swift */ = {isa = PBXFileReference; lastKnownFileType = sourcecode.swift; path = HomeViewController.swift; sourceTree = "<group>"; };
		6651E33E2B14A2C90055E9AC /* ExploreViewController.swift */ = {isa = PBXFileReference; lastKnownFileType = sourcecode.swift; path = ExploreViewController.swift; sourceTree = "<group>"; };
		6651E3402B14A2EF0055E9AC /* ConsultViewController.swift */ = {isa = PBXFileReference; lastKnownFileType = sourcecode.swift; path = ConsultViewController.swift; sourceTree = "<group>"; };
		6651E3432B14A3130055E9AC /* ProfileViewController.swift */ = {isa = PBXFileReference; lastKnownFileType = sourcecode.swift; path = ProfileViewController.swift; sourceTree = "<group>"; };
		6651E3462B1A3F0B0055E9AC /* Extensions.swift */ = {isa = PBXFileReference; lastKnownFileType = sourcecode.swift; path = Extensions.swift; sourceTree = "<group>"; };
		6690E40B2B308E4E00CF3E88 /* Models.swift */ = {isa = PBXFileReference; lastKnownFileType = sourcecode.swift; path = Models.swift; sourceTree = "<group>"; };
		66945F592B30E72A0033D8AF /* Assets.xcassets */ = {isa = PBXFileReference; lastKnownFileType = folder.assetcatalog; path = Assets.xcassets; sourceTree = "<group>"; };
		66ECD4712B30E99A0068421E /* SearchBarView.swift */ = {isa = PBXFileReference; lastKnownFileType = sourcecode.swift; path = SearchBarView.swift; sourceTree = "<group>"; };
		66ECD4732B3158E60068421E /* JournalViewController.swift */ = {isa = PBXFileReference; lastKnownFileType = sourcecode.swift; path = JournalViewController.swift; sourceTree = "<group>"; };
		66ECD4752B3159600068421E /* BreatheViewController.swift */ = {isa = PBXFileReference; lastKnownFileType = sourcecode.swift; path = BreatheViewController.swift; sourceTree = "<group>"; };
		66ECD4772B31596A0068421E /* MeditateViewController.swift */ = {isa = PBXFileReference; lastKnownFileType = sourcecode.swift; path = MeditateViewController.swift; sourceTree = "<group>"; };
		66ECD4792B3159750068421E /* AffirmationsViewController.swift */ = {isa = PBXFileReference; lastKnownFileType = sourcecode.swift; path = AffirmationsViewController.swift; sourceTree = "<group>"; };
		66ECD47B2B31629D0068421E /* CustomNavbar.swift */ = {isa = PBXFileReference; lastKnownFileType = sourcecode.swift; path = CustomNavbar.swift; sourceTree = "<group>"; };
		66ECD47D2B3169020068421E /* TitleContainerView.swift */ = {isa = PBXFileReference; lastKnownFileType = sourcecode.swift; path = TitleContainerView.swift; sourceTree = "<group>"; };
		66ECD47F2B319E780068421E /* JournalModels.swift */ = {isa = PBXFileReference; lastKnownFileType = sourcecode.swift; path = JournalModels.swift; sourceTree = "<group>"; };
		66ECD4822B31A5590068421E /* JournalCategoryView.swift */ = {isa = PBXFileReference; lastKnownFileType = sourcecode.swift; path = JournalCategoryView.swift; sourceTree = "<group>"; };
		66ECD4842B31BF460068421E /* JournalTemplatesViewController.swift */ = {isa = PBXFileReference; lastKnownFileType = sourcecode.swift; path = JournalTemplatesViewController.swift; sourceTree = "<group>"; };
		66ECD4862B31C87E0068421E /* MyJournalView.swift */ = {isa = PBXFileReference; lastKnownFileType = sourcecode.swift; path = MyJournalView.swift; sourceTree = "<group>"; };
		66ECD4882B31F4C40068421E /* TemplateViewHeader.swift */ = {isa = PBXFileReference; lastKnownFileType = sourcecode.swift; path = TemplateViewHeader.swift; sourceTree = "<group>"; };
		66ECD48A2B320C1B0068421E /* JournalTemplateViewCell.swift */ = {isa = PBXFileReference; lastKnownFileType = sourcecode.swift; path = JournalTemplateViewCell.swift; sourceTree = "<group>"; };
		66ECD48E2B32340C0068421E /* BottomSheetViewController.swift */ = {isa = PBXFileReference; lastKnownFileType = sourcecode.swift; path = BottomSheetViewController.swift; sourceTree = "<group>"; };
		66ECD4902B3242B80068421E /* JournalEditorViewController.swift */ = {isa = PBXFileReference; lastKnownFileType = sourcecode.swift; path = JournalEditorViewController.swift; sourceTree = "<group>"; };
		66FCC7D32B30E80400B99DE5 /* ExploreTabView.swift */ = {isa = PBXFileReference; lastKnownFileType = sourcecode.swift; path = ExploreTabView.swift; sourceTree = "<group>"; };
/* End PBXFileReference section */

/* Begin PBXFrameworksBuildPhase section */
		664C0E822B0F4E8800005EDC /* Frameworks */ = {
			isa = PBXFrameworksBuildPhase;
			buildActionMask = 2147483647;
			files = (
				662222D92B2D8AD0002D7338 /* FirebaseDatabaseSwift in Frameworks */,
				662222D72B2D8AD0002D7338 /* FirebaseDatabase in Frameworks */,
				664C0EA72B1048FB00005EDC /* SnapKit in Frameworks */,
				662222DB2B2D8AD0002D7338 /* FirebaseFirestore in Frameworks */,
				662222DF2B2D8AD0002D7338 /* FirebaseStorage in Frameworks */,
				662222D52B2D8AD0002D7338 /* FirebaseAuth in Frameworks */,
				662222DD2B2D8AD0002D7338 /* FirebaseFirestoreSwift in Frameworks */,
			);
			runOnlyForDeploymentPostprocessing = 0;
		};
/* End PBXFrameworksBuildPhase section */

/* Begin PBXGroup section */
		662222B22B2B6B35002D7338 /* Auth */ = {
			isa = PBXGroup;
			children = (
				662222BC2B2B8143002D7338 /* Views */,
				662222B02B2B6A50002D7338 /* RegViewController.swift */,
				662222AE2B2B6A2A002D7338 /* ForgotPassViewController.swift */,
				662222B62B2B7245002D7338 /* LoginViewController.swift */,
			);
			path = Auth;
			sourceTree = "<group>";
		};
		662222BC2B2B8143002D7338 /* Views */ = {
			isa = PBXGroup;
			children = (
				662222BA2B2B813D002D7338 /* CustomButton.swift */,
				662222B32B2B6B5D002D7338 /* AuthHeaderView.swift */,
				662222B82B2B7A5B002D7338 /* CustomTextField.swift */,
			);
			path = Views;
			sourceTree = "<group>";
		};
		662222BD2B2B8158002D7338 /* Views */ = {
			isa = PBXGroup;
			children = (
			);
			path = Views;
			sourceTree = "<group>";
		};
		664C0E7C2B0F4E8800005EDC = {
			isa = PBXGroup;
			children = (
				664C0E872B0F4E8800005EDC /* FinalProject */,
				664C0E862B0F4E8800005EDC /* Products */,
			);
			sourceTree = "<group>";
		};
		664C0E862B0F4E8800005EDC /* Products */ = {
			isa = PBXGroup;
			children = (
				664C0E852B0F4E8800005EDC /* FinalProject.app */,
			);
			name = Products;
			sourceTree = "<group>";
		};
		664C0E872B0F4E8800005EDC /* FinalProject */ = {
			isa = PBXGroup;
			children = (
				66945F592B30E72A0033D8AF /* Assets.xcassets */,
				664C0E932B0F4E8B00005EDC /* LaunchScreen.storyboard */,
				6651E33D2B14A2720055E9AC /* Profile */,
				6651E33C2B14A2680055E9AC /* Consult */,
				6651E33B2B14A25B0055E9AC /* Explore */,
				6651E33A2B14A22F0055E9AC /* Supporting */,
				664C0E8C2B0F4E8800005EDC /* WebViewerController.swift */,
				6651E3342B11EC950055E9AC /* Tabbar */,
				664C0E962B0F4E8B00005EDC /* Info.plist */,
				6651E3392B1485960055E9AC /* Home */,
				6651E3462B1A3F0B0055E9AC /* Extensions.swift */,
				662222B22B2B6B35002D7338 /* Auth */,
				662222BE2B2C8AC2002D7338 /* AlertManager.swift */,
				662222CF2B2D794E002D7338 /* AuthService.swift */,
				662222E12B2DD0DA002D7338 /* Validator.swift */,
				6690E40B2B308E4E00CF3E88 /* Models.swift */,
			);
			path = FinalProject;
			sourceTree = "<group>";
		};
		6651E3342B11EC950055E9AC /* Tabbar */ = {
			isa = PBXGroup;
			children = (
				664C0E9C2B0F520700005EDC /* TabbarController.swift */,
			);
			path = Tabbar;
			sourceTree = "<group>";
		};
		6651E3392B1485960055E9AC /* Home */ = {
			isa = PBXGroup;
			children = (
				6651E3372B1240710055E9AC /* HomeViewController.swift */,
				662222BD2B2B8158002D7338 /* Views */,
			);
			path = Home;
			sourceTree = "<group>";
		};
		6651E33A2B14A22F0055E9AC /* Supporting */ = {
			isa = PBXGroup;
			children = (
				664C0E882B0F4E8800005EDC /* AppDelegate.swift */,
				662222E32B2DE331002D7338 /* client_614490934145-cauvpnhu72vmrgac6prh8m8otkrdq4tn.apps.googleusercontent.com.plist */,
				662222C02B2D711C002D7338 /* GoogleService-Info.plist */,
				664C0E8A2B0F4E8800005EDC /* SceneDelegate.swift */,
			);
			path = Supporting;
			sourceTree = "<group>";
		};
		6651E33B2B14A25B0055E9AC /* Explore */ = {
			isa = PBXGroup;
			children = (
				6651E33E2B14A2C90055E9AC /* ExploreViewController.swift */,
				66FCC7D32B30E80400B99DE5 /* ExploreTabView.swift */,
				66ECD4712B30E99A0068421E /* SearchBarView.swift */,
				66ECD4792B3159750068421E /* AffirmationsViewController.swift */,
				66ECD4812B319F010068421E /* Journal */,
				66ECD47D2B3169020068421E /* TitleContainerView.swift */,
				66ECD47B2B31629D0068421E /* CustomNavbar.swift */,
				66ECD4752B3159600068421E /* BreatheViewController.swift */,
				66ECD4772B31596A0068421E /* MeditateViewController.swift */,
			);
			path = Explore;
			sourceTree = "<group>";
		};
		6651E33C2B14A2680055E9AC /* Consult */ = {
			isa = PBXGroup;
			children = (
				6651E3402B14A2EF0055E9AC /* ConsultViewController.swift */,
			);
			path = Consult;
			sourceTree = "<group>";
		};
		6651E33D2B14A2720055E9AC /* Profile */ = {
			isa = PBXGroup;
			children = (
				6651E3432B14A3130055E9AC /* ProfileViewController.swift */,
			);
			path = Profile;
			sourceTree = "<group>";
		};
		66ECD4812B319F010068421E /* Journal */ = {
			isa = PBXGroup;
			children = (
				66ECD4732B3158E60068421E /* JournalViewController.swift */,
				66ECD47F2B319E780068421E /* JournalModels.swift */,
				66ECD4822B31A5590068421E /* JournalCategoryView.swift */,
				66ECD4842B31BF460068421E /* JournalTemplatesViewController.swift */,
				66ECD4862B31C87E0068421E /* MyJournalView.swift */,
				66ECD4882B31F4C40068421E /* TemplateViewHeader.swift */,
				66ECD48A2B320C1B0068421E /* JournalTemplateViewCell.swift */,
				66ECD48E2B32340C0068421E /* BottomSheetViewController.swift */,
				66ECD4902B3242B80068421E /* JournalEditorViewController.swift */,
			);
			path = Journal;
			sourceTree = "<group>";
		};
/* End PBXGroup section */

/* Begin PBXNativeTarget section */
		664C0E842B0F4E8800005EDC /* FinalProject */ = {
			isa = PBXNativeTarget;
			buildConfigurationList = 664C0E992B0F4E8B00005EDC /* Build configuration list for PBXNativeTarget "FinalProject" */;
			buildPhases = (
				664C0E812B0F4E8800005EDC /* Sources */,
				664C0E822B0F4E8800005EDC /* Frameworks */,
				664C0E832B0F4E8800005EDC /* Resources */,
			);
			buildRules = (
			);
			dependencies = (
			);
			name = FinalProject;
			packageProductDependencies = (
				664C0EA62B1048FB00005EDC /* SnapKit */,
				662222D42B2D8AD0002D7338 /* FirebaseAuth */,
				662222D62B2D8AD0002D7338 /* FirebaseDatabase */,
				662222D82B2D8AD0002D7338 /* FirebaseDatabaseSwift */,
				662222DA2B2D8AD0002D7338 /* FirebaseFirestore */,
				662222DC2B2D8AD0002D7338 /* FirebaseFirestoreSwift */,
				662222DE2B2D8AD0002D7338 /* FirebaseStorage */,
			);
			productName = FinalProject;
			productReference = 664C0E852B0F4E8800005EDC /* FinalProject.app */;
			productType = "com.apple.product-type.application";
		};
/* End PBXNativeTarget section */

/* Begin PBXProject section */
		664C0E7D2B0F4E8800005EDC /* Project object */ = {
			isa = PBXProject;
			attributes = {
				BuildIndependentTargetsInParallel = 1;
				LastSwiftUpdateCheck = 1420;
				LastUpgradeCheck = 1420;
				TargetAttributes = {
					664C0E842B0F4E8800005EDC = {
						CreatedOnToolsVersion = 14.2;
					};
				};
			};
			buildConfigurationList = 664C0E802B0F4E8800005EDC /* Build configuration list for PBXProject "FinalProject" */;
			compatibilityVersion = "Xcode 14.0";
			developmentRegion = en;
			hasScannedForEncodings = 0;
			knownRegions = (
				en,
				Base,
			);
			mainGroup = 664C0E7C2B0F4E8800005EDC;
			packageReferences = (
				664C0EA52B1048FB00005EDC /* XCRemoteSwiftPackageReference "SnapKit" */,
				662222D32B2D8AD0002D7338 /* XCRemoteSwiftPackageReference "firebase-ios-sdk" */,
			);
			productRefGroup = 664C0E862B0F4E8800005EDC /* Products */;
			projectDirPath = "";
			projectRoot = "";
			targets = (
				664C0E842B0F4E8800005EDC /* FinalProject */,
			);
		};
/* End PBXProject section */

/* Begin PBXResourcesBuildPhase section */
		664C0E832B0F4E8800005EDC /* Resources */ = {
			isa = PBXResourcesBuildPhase;
			buildActionMask = 2147483647;
			files = (
				664C0E952B0F4E8B00005EDC /* LaunchScreen.storyboard in Resources */,
				662222C12B2D711D002D7338 /* GoogleService-Info.plist in Resources */,
				66945F5A2B30E72A0033D8AF /* Assets.xcassets in Resources */,
				662222E42B2DE331002D7338 /* client_614490934145-cauvpnhu72vmrgac6prh8m8otkrdq4tn.apps.googleusercontent.com.plist in Resources */,
			);
			runOnlyForDeploymentPostprocessing = 0;
		};
/* End PBXResourcesBuildPhase section */

/* Begin PBXSourcesBuildPhase section */
		664C0E812B0F4E8800005EDC /* Sources */ = {
			isa = PBXSourcesBuildPhase;
			buildActionMask = 2147483647;
			files = (
				664C0E8D2B0F4E8800005EDC /* WebViewerController.swift in Sources */,
				66ECD4762B3159600068421E /* BreatheViewController.swift in Sources */,
				66ECD47E2B3169020068421E /* TitleContainerView.swift in Sources */,
				6651E3472B1A3F0B0055E9AC /* Extensions.swift in Sources */,
				66ECD47A2B3159750068421E /* AffirmationsViewController.swift in Sources */,
				66ECD4782B31596A0068421E /* MeditateViewController.swift in Sources */,
				6651E3442B14A3130055E9AC /* ProfileViewController.swift in Sources */,
				662222B72B2B7245002D7338 /* LoginViewController.swift in Sources */,
				66ECD48F2B32340C0068421E /* BottomSheetViewController.swift in Sources */,
				66ECD4722B30E99A0068421E /* SearchBarView.swift in Sources */,
				662222B92B2B7A5B002D7338 /* CustomTextField.swift in Sources */,
				66ECD4912B3242B80068421E /* JournalEditorViewController.swift in Sources */,
				664C0E9D2B0F520700005EDC /* TabbarController.swift in Sources */,
				662222D02B2D794E002D7338 /* AuthService.swift in Sources */,
				662222BF2B2C8AC2002D7338 /* AlertManager.swift in Sources */,
				6651E3412B14A2EF0055E9AC /* ConsultViewController.swift in Sources */,
				66ECD48B2B320C1B0068421E /* JournalTemplateViewCell.swift in Sources */,
				664C0E892B0F4E8800005EDC /* AppDelegate.swift in Sources */,
				66ECD4742B3158E60068421E /* JournalViewController.swift in Sources */,
				66ECD4872B31C87F0068421E /* MyJournalView.swift in Sources */,
				66ECD4852B31BF460068421E /* JournalTemplatesViewController.swift in Sources */,
				66ECD4892B31F4C40068421E /* TemplateViewHeader.swift in Sources */,
				662222AF2B2B6A2A002D7338 /* ForgotPassViewController.swift in Sources */,
				6651E33F2B14A2C90055E9AC /* ExploreViewController.swift in Sources */,
				6651E3382B1240710055E9AC /* HomeViewController.swift in Sources */,
				662222BB2B2B813D002D7338 /* CustomButton.swift in Sources */,
				66ECD4832B31A5590068421E /* JournalCategoryView.swift in Sources */,
				66FCC7D42B30E80400B99DE5 /* ExploreTabView.swift in Sources */,
				662222E22B2DD0DA002D7338 /* Validator.swift in Sources */,
				662222B12B2B6A50002D7338 /* RegViewController.swift in Sources */,
				664C0E8B2B0F4E8800005EDC /* SceneDelegate.swift in Sources */,
				6690E40C2B308E4E00CF3E88 /* Models.swift in Sources */,
				66ECD4802B319E780068421E /* JournalModels.swift in Sources */,
				66ECD47C2B31629D0068421E /* CustomNavbar.swift in Sources */,
				662222B42B2B6B5D002D7338 /* AuthHeaderView.swift in Sources */,
			);
			runOnlyForDeploymentPostprocessing = 0;
		};
/* End PBXSourcesBuildPhase section */

/* Begin PBXVariantGroup section */
		664C0E932B0F4E8B00005EDC /* LaunchScreen.storyboard */ = {
			isa = PBXVariantGroup;
			children = (
				664C0E942B0F4E8B00005EDC /* Base */,
			);
			name = LaunchScreen.storyboard;
			sourceTree = "<group>";
		};
/* End PBXVariantGroup section */

/* Begin XCBuildConfiguration section */
		664C0E972B0F4E8B00005EDC /* Debug */ = {
			isa = XCBuildConfiguration;
			buildSettings = {
				ALWAYS_SEARCH_USER_PATHS = NO;
				CLANG_ANALYZER_NONNULL = YES;
				CLANG_ANALYZER_NUMBER_OBJECT_CONVERSION = YES_AGGRESSIVE;
				CLANG_CXX_LANGUAGE_STANDARD = "gnu++20";
				CLANG_ENABLE_MODULES = YES;
				CLANG_ENABLE_OBJC_ARC = YES;
				CLANG_ENABLE_OBJC_WEAK = YES;
				CLANG_WARN_BLOCK_CAPTURE_AUTORELEASING = YES;
				CLANG_WARN_BOOL_CONVERSION = YES;
				CLANG_WARN_COMMA = YES;
				CLANG_WARN_CONSTANT_CONVERSION = YES;
				CLANG_WARN_DEPRECATED_OBJC_IMPLEMENTATIONS = YES;
				CLANG_WARN_DIRECT_OBJC_ISA_USAGE = YES_ERROR;
				CLANG_WARN_DOCUMENTATION_COMMENTS = YES;
				CLANG_WARN_EMPTY_BODY = YES;
				CLANG_WARN_ENUM_CONVERSION = YES;
				CLANG_WARN_INFINITE_RECURSION = YES;
				CLANG_WARN_INT_CONVERSION = YES;
				CLANG_WARN_NON_LITERAL_NULL_CONVERSION = YES;
				CLANG_WARN_OBJC_IMPLICIT_RETAIN_SELF = YES;
				CLANG_WARN_OBJC_LITERAL_CONVERSION = YES;
				CLANG_WARN_OBJC_ROOT_CLASS = YES_ERROR;
				CLANG_WARN_QUOTED_INCLUDE_IN_FRAMEWORK_HEADER = YES;
				CLANG_WARN_RANGE_LOOP_ANALYSIS = YES;
				CLANG_WARN_STRICT_PROTOTYPES = YES;
				CLANG_WARN_SUSPICIOUS_MOVE = YES;
				CLANG_WARN_UNGUARDED_AVAILABILITY = YES_AGGRESSIVE;
				CLANG_WARN_UNREACHABLE_CODE = YES;
				CLANG_WARN__DUPLICATE_METHOD_MATCH = YES;
				COPY_PHASE_STRIP = NO;
				DEBUG_INFORMATION_FORMAT = dwarf;
				ENABLE_STRICT_OBJC_MSGSEND = YES;
				ENABLE_TESTABILITY = YES;
				GCC_C_LANGUAGE_STANDARD = gnu11;
				GCC_DYNAMIC_NO_PIC = NO;
				GCC_NO_COMMON_BLOCKS = YES;
				GCC_OPTIMIZATION_LEVEL = 0;
				GCC_PREPROCESSOR_DEFINITIONS = (
					"DEBUG=1",
					"$(inherited)",
				);
				GCC_WARN_64_TO_32_BIT_CONVERSION = YES;
				GCC_WARN_ABOUT_RETURN_TYPE = YES_ERROR;
				GCC_WARN_UNDECLARED_SELECTOR = YES;
				GCC_WARN_UNINITIALIZED_AUTOS = YES_AGGRESSIVE;
				GCC_WARN_UNUSED_FUNCTION = YES;
				GCC_WARN_UNUSED_VARIABLE = YES;
				IPHONEOS_DEPLOYMENT_TARGET = 16.2;
				MTL_ENABLE_DEBUG_INFO = INCLUDE_SOURCE;
				MTL_FAST_MATH = YES;
				ONLY_ACTIVE_ARCH = YES;
				SDKROOT = iphoneos;
				SWIFT_ACTIVE_COMPILATION_CONDITIONS = DEBUG;
				SWIFT_OPTIMIZATION_LEVEL = "-Onone";
			};
			name = Debug;
		};
		664C0E982B0F4E8B00005EDC /* Release */ = {
			isa = XCBuildConfiguration;
			buildSettings = {
				ALWAYS_SEARCH_USER_PATHS = NO;
				CLANG_ANALYZER_NONNULL = YES;
				CLANG_ANALYZER_NUMBER_OBJECT_CONVERSION = YES_AGGRESSIVE;
				CLANG_CXX_LANGUAGE_STANDARD = "gnu++20";
				CLANG_ENABLE_MODULES = YES;
				CLANG_ENABLE_OBJC_ARC = YES;
				CLANG_ENABLE_OBJC_WEAK = YES;
				CLANG_WARN_BLOCK_CAPTURE_AUTORELEASING = YES;
				CLANG_WARN_BOOL_CONVERSION = YES;
				CLANG_WARN_COMMA = YES;
				CLANG_WARN_CONSTANT_CONVERSION = YES;
				CLANG_WARN_DEPRECATED_OBJC_IMPLEMENTATIONS = YES;
				CLANG_WARN_DIRECT_OBJC_ISA_USAGE = YES_ERROR;
				CLANG_WARN_DOCUMENTATION_COMMENTS = YES;
				CLANG_WARN_EMPTY_BODY = YES;
				CLANG_WARN_ENUM_CONVERSION = YES;
				CLANG_WARN_INFINITE_RECURSION = YES;
				CLANG_WARN_INT_CONVERSION = YES;
				CLANG_WARN_NON_LITERAL_NULL_CONVERSION = YES;
				CLANG_WARN_OBJC_IMPLICIT_RETAIN_SELF = YES;
				CLANG_WARN_OBJC_LITERAL_CONVERSION = YES;
				CLANG_WARN_OBJC_ROOT_CLASS = YES_ERROR;
				CLANG_WARN_QUOTED_INCLUDE_IN_FRAMEWORK_HEADER = YES;
				CLANG_WARN_RANGE_LOOP_ANALYSIS = YES;
				CLANG_WARN_STRICT_PROTOTYPES = YES;
				CLANG_WARN_SUSPICIOUS_MOVE = YES;
				CLANG_WARN_UNGUARDED_AVAILABILITY = YES_AGGRESSIVE;
				CLANG_WARN_UNREACHABLE_CODE = YES;
				CLANG_WARN__DUPLICATE_METHOD_MATCH = YES;
				COPY_PHASE_STRIP = NO;
				DEBUG_INFORMATION_FORMAT = "dwarf-with-dsym";
				ENABLE_NS_ASSERTIONS = NO;
				ENABLE_STRICT_OBJC_MSGSEND = YES;
				GCC_C_LANGUAGE_STANDARD = gnu11;
				GCC_NO_COMMON_BLOCKS = YES;
				GCC_WARN_64_TO_32_BIT_CONVERSION = YES;
				GCC_WARN_ABOUT_RETURN_TYPE = YES_ERROR;
				GCC_WARN_UNDECLARED_SELECTOR = YES;
				GCC_WARN_UNINITIALIZED_AUTOS = YES_AGGRESSIVE;
				GCC_WARN_UNUSED_FUNCTION = YES;
				GCC_WARN_UNUSED_VARIABLE = YES;
				IPHONEOS_DEPLOYMENT_TARGET = 16.2;
				MTL_ENABLE_DEBUG_INFO = NO;
				MTL_FAST_MATH = YES;
				SDKROOT = iphoneos;
				SWIFT_COMPILATION_MODE = wholemodule;
				SWIFT_OPTIMIZATION_LEVEL = "-O";
				VALIDATE_PRODUCT = YES;
			};
			name = Release;
		};
		664C0E9A2B0F4E8B00005EDC /* Debug */ = {
			isa = XCBuildConfiguration;
			buildSettings = {
				ASSETCATALOG_COMPILER_APPICON_NAME = AppIcon;
				ASSETCATALOG_COMPILER_GLOBAL_ACCENT_COLOR_NAME = AccentColor;
				CODE_SIGN_STYLE = Automatic;
				CURRENT_PROJECT_VERSION = 1;
				DEVELOPMENT_TEAM = QHNXY85LKN;
				GENERATE_INFOPLIST_FILE = YES;
				INFOPLIST_FILE = FinalProject/Info.plist;
				INFOPLIST_KEY_CFBundleDisplayName = RenewYou;
				INFOPLIST_KEY_UIApplicationSupportsIndirectInputEvents = YES;
				INFOPLIST_KEY_UILaunchStoryboardName = LaunchScreen;
				INFOPLIST_KEY_UIStatusBarStyle = "";
				INFOPLIST_KEY_UISupportedInterfaceOrientations_iPad = "UIInterfaceOrientationPortrait UIInterfaceOrientationPortraitUpsideDown UIInterfaceOrientationLandscapeLeft UIInterfaceOrientationLandscapeRight";
				INFOPLIST_KEY_UISupportedInterfaceOrientations_iPhone = "UIInterfaceOrientationPortrait UIInterfaceOrientationLandscapeLeft UIInterfaceOrientationLandscapeRight";
				LD_RUNPATH_SEARCH_PATHS = (
					"$(inherited)",
					"@executable_path/Frameworks",
				);
				MARKETING_VERSION = 1.0;
				PRODUCT_BUNDLE_IDENTIFIER = xdyeama.FinalProject;
				PRODUCT_NAME = "$(TARGET_NAME)";
				SWIFT_EMIT_LOC_STRINGS = YES;
				SWIFT_VERSION = 5.0;
				TARGETED_DEVICE_FAMILY = "1,2";
			};
			name = Debug;
		};
		664C0E9B2B0F4E8B00005EDC /* Release */ = {
			isa = XCBuildConfiguration;
			buildSettings = {
				ASSETCATALOG_COMPILER_APPICON_NAME = AppIcon;
				ASSETCATALOG_COMPILER_GLOBAL_ACCENT_COLOR_NAME = AccentColor;
				CODE_SIGN_STYLE = Automatic;
				CURRENT_PROJECT_VERSION = 1;
				DEVELOPMENT_TEAM = QHNXY85LKN;
				GENERATE_INFOPLIST_FILE = YES;
				INFOPLIST_FILE = FinalProject/Info.plist;
				INFOPLIST_KEY_CFBundleDisplayName = RenewYou;
				INFOPLIST_KEY_UIApplicationSupportsIndirectInputEvents = YES;
				INFOPLIST_KEY_UILaunchStoryboardName = LaunchScreen;
				INFOPLIST_KEY_UIStatusBarStyle = "";
				INFOPLIST_KEY_UISupportedInterfaceOrientations_iPad = "UIInterfaceOrientationPortrait UIInterfaceOrientationPortraitUpsideDown UIInterfaceOrientationLandscapeLeft UIInterfaceOrientationLandscapeRight";
				INFOPLIST_KEY_UISupportedInterfaceOrientations_iPhone = "UIInterfaceOrientationPortrait UIInterfaceOrientationLandscapeLeft UIInterfaceOrientationLandscapeRight";
				LD_RUNPATH_SEARCH_PATHS = (
					"$(inherited)",
					"@executable_path/Frameworks",
				);
				MARKETING_VERSION = 1.0;
				PRODUCT_BUNDLE_IDENTIFIER = xdyeama.FinalProject;
				PRODUCT_NAME = "$(TARGET_NAME)";
				SWIFT_EMIT_LOC_STRINGS = YES;
				SWIFT_VERSION = 5.0;
				TARGETED_DEVICE_FAMILY = "1,2";
			};
			name = Release;
		};
/* End XCBuildConfiguration section */

/* Begin XCConfigurationList section */
		664C0E802B0F4E8800005EDC /* Build configuration list for PBXProject "FinalProject" */ = {
			isa = XCConfigurationList;
			buildConfigurations = (
				664C0E972B0F4E8B00005EDC /* Debug */,
				664C0E982B0F4E8B00005EDC /* Release */,
			);
			defaultConfigurationIsVisible = 0;
			defaultConfigurationName = Release;
		};
		664C0E992B0F4E8B00005EDC /* Build configuration list for PBXNativeTarget "FinalProject" */ = {
			isa = XCConfigurationList;
			buildConfigurations = (
				664C0E9A2B0F4E8B00005EDC /* Debug */,
				664C0E9B2B0F4E8B00005EDC /* Release */,
			);
			defaultConfigurationIsVisible = 0;
			defaultConfigurationName = Release;
		};
/* End XCConfigurationList section */

/* Begin XCRemoteSwiftPackageReference section */
		662222D32B2D8AD0002D7338 /* XCRemoteSwiftPackageReference "firebase-ios-sdk" */ = {
			isa = XCRemoteSwiftPackageReference;
			repositoryURL = "https://github.com/firebase/firebase-ios-sdk";
			requirement = {
				branch = main;
				kind = branch;
			};
		};
		664C0EA52B1048FB00005EDC /* XCRemoteSwiftPackageReference "SnapKit" */ = {
			isa = XCRemoteSwiftPackageReference;
			repositoryURL = "https://github.com/SnapKit/SnapKit";
			requirement = {
				branch = develop;
				kind = branch;
			};
		};
/* End XCRemoteSwiftPackageReference section */

/* Begin XCSwiftPackageProductDependency section */
		662222D42B2D8AD0002D7338 /* FirebaseAuth */ = {
			isa = XCSwiftPackageProductDependency;
			package = 662222D32B2D8AD0002D7338 /* XCRemoteSwiftPackageReference "firebase-ios-sdk" */;
			productName = FirebaseAuth;
		};
		662222D62B2D8AD0002D7338 /* FirebaseDatabase */ = {
			isa = XCSwiftPackageProductDependency;
			package = 662222D32B2D8AD0002D7338 /* XCRemoteSwiftPackageReference "firebase-ios-sdk" */;
			productName = FirebaseDatabase;
		};
		662222D82B2D8AD0002D7338 /* FirebaseDatabaseSwift */ = {
			isa = XCSwiftPackageProductDependency;
			package = 662222D32B2D8AD0002D7338 /* XCRemoteSwiftPackageReference "firebase-ios-sdk" */;
			productName = FirebaseDatabaseSwift;
		};
		662222DA2B2D8AD0002D7338 /* FirebaseFirestore */ = {
			isa = XCSwiftPackageProductDependency;
			package = 662222D32B2D8AD0002D7338 /* XCRemoteSwiftPackageReference "firebase-ios-sdk" */;
			productName = FirebaseFirestore;
		};
		662222DC2B2D8AD0002D7338 /* FirebaseFirestoreSwift */ = {
			isa = XCSwiftPackageProductDependency;
			package = 662222D32B2D8AD0002D7338 /* XCRemoteSwiftPackageReference "firebase-ios-sdk" */;
			productName = FirebaseFirestoreSwift;
		};
		662222DE2B2D8AD0002D7338 /* FirebaseStorage */ = {
			isa = XCSwiftPackageProductDependency;
			package = 662222D32B2D8AD0002D7338 /* XCRemoteSwiftPackageReference "firebase-ios-sdk" */;
			productName = FirebaseStorage;
		};
		664C0EA62B1048FB00005EDC /* SnapKit */ = {
			isa = XCSwiftPackageProductDependency;
			package = 664C0EA52B1048FB00005EDC /* XCRemoteSwiftPackageReference "SnapKit" */;
			productName = SnapKit;
		};
/* End XCSwiftPackageProductDependency section */
	};
	rootObject = 664C0E7D2B0F4E8800005EDC /* Project object */;
}
